// !$*UTF8*$!
{
	archiveVersion = 1;
	classes = {
	};
	objectVersion = 55;
	objects = {

/* Begin PBXBuildFile section */
		F864627D28490FD3007E4CFC /* TwitterDemoApp.swift in Sources */ = {isa = PBXBuildFile; fileRef = F864627C28490FD3007E4CFC /* TwitterDemoApp.swift */; };
		F864628128490FD3007E4CFC /* Assets.xcassets in Resources */ = {isa = PBXBuildFile; fileRef = F864628028490FD3007E4CFC /* Assets.xcassets */; };
		F864628428490FD3007E4CFC /* Preview Assets.xcassets in Resources */ = {isa = PBXBuildFile; fileRef = F864628328490FD3007E4CFC /* Preview Assets.xcassets */; };
		F8646292284911D2007E4CFC /* FeedView.swift in Sources */ = {isa = PBXBuildFile; fileRef = F8646291284911D2007E4CFC /* FeedView.swift */; };
		F864629528491290007E4CFC /* TweetRowView.swift in Sources */ = {isa = PBXBuildFile; fileRef = F864629428491290007E4CFC /* TweetRowView.swift */; };
		F864629728491A11007E4CFC /* MainTabView.swift in Sources */ = {isa = PBXBuildFile; fileRef = F864629628491A11007E4CFC /* MainTabView.swift */; };
		F864629E28491C4E007E4CFC /* ExploreView.swift in Sources */ = {isa = PBXBuildFile; fileRef = F864629D28491C4E007E4CFC /* ExploreView.swift */; };
		F86462A028491C86007E4CFC /* NotificationsView.swift in Sources */ = {isa = PBXBuildFile; fileRef = F864629F28491C86007E4CFC /* NotificationsView.swift */; };
		F86462A228491CD3007E4CFC /* MessagesView.swift in Sources */ = {isa = PBXBuildFile; fileRef = F86462A128491CD3007E4CFC /* MessagesView.swift */; };
		F86462A528491EE7007E4CFC /* ProfileView.swift in Sources */ = {isa = PBXBuildFile; fileRef = F86462A428491EE7007E4CFC /* ProfileView.swift */; };
		F86CE585284FB2DD0078B724 /* AuthVM.swift in Sources */ = {isa = PBXBuildFile; fileRef = F86CE584284FB2DD0078B724 /* AuthVM.swift */; };
		F86CE588284FB5CE0078B724 /* MainInterfaceView.swift in Sources */ = {isa = PBXBuildFile; fileRef = F86CE587284FB5CE0078B724 /* MainInterfaceView.swift */; };
		F88DE6BC2852074300A891EB /* PhotoSelectorView.swift in Sources */ = {isa = PBXBuildFile; fileRef = F88DE6BB2852074300A891EB /* PhotoSelectorView.swift */; };
		F8AEEBBB284CFD2C009F0A1C /* UserRowView.swift in Sources */ = {isa = PBXBuildFile; fileRef = F8AEEBBA284CFD2C009F0A1C /* UserRowView.swift */; };
		F8AEEBBF284D2398009F0A1C /* TweetFilter.swift in Sources */ = {isa = PBXBuildFile; fileRef = F8AEEBBE284D2398009F0A1C /* TweetFilter.swift */; };
		F8AEEBC1284D2410009F0A1C /* TwitterVM.swift in Sources */ = {isa = PBXBuildFile; fileRef = F8AEEBC0284D2410009F0A1C /* TwitterVM.swift */; };
		F8AEEBC3284D2CE7009F0A1C /* SideMenuView.swift in Sources */ = {isa = PBXBuildFile; fileRef = F8AEEBC2284D2CE7009F0A1C /* SideMenuView.swift */; };
		F8AEEBC5284D2D0B009F0A1C /* SideMenuRowView.swift in Sources */ = {isa = PBXBuildFile; fileRef = F8AEEBC4284D2D0B009F0A1C /* SideMenuRowView.swift */; };
		F8AEEBC7284D2D50009F0A1C /* SideMenu.swift in Sources */ = {isa = PBXBuildFile; fileRef = F8AEEBC6284D2D50009F0A1C /* SideMenu.swift */; };
		F8AEEBC9284D2F6B009F0A1C /* UserStatsView.swift in Sources */ = {isa = PBXBuildFile; fileRef = F8AEEBC8284D2F6B009F0A1C /* UserStatsView.swift */; };
		F8AEEBCB284E2920009F0A1C /* HomeView.swift in Sources */ = {isa = PBXBuildFile; fileRef = F8AEEBCA284E2920009F0A1C /* HomeView.swift */; };
		F8AEEBCE284E2EBD009F0A1C /* SideMenuOptionRowView.swift in Sources */ = {isa = PBXBuildFile; fileRef = F8AEEBCD284E2EBD009F0A1C /* SideMenuOptionRowView.swift */; };
		F8AEEBD0284E5C07009F0A1C /* NewTweetView.swift in Sources */ = {isa = PBXBuildFile; fileRef = F8AEEBCF284E5C07009F0A1C /* NewTweetView.swift */; };
		F8AEEBD2284E5D78009F0A1C /* TextAreaView.swift in Sources */ = {isa = PBXBuildFile; fileRef = F8AEEBD1284E5D78009F0A1C /* TextAreaView.swift */; };
		F8AEEBD4284F4B2F009F0A1C /* LoginView.swift in Sources */ = {isa = PBXBuildFile; fileRef = F8AEEBD3284F4B2F009F0A1C /* LoginView.swift */; };
		F8AEEBD6284F4B61009F0A1C /* RegistrationView.swift in Sources */ = {isa = PBXBuildFile; fileRef = F8AEEBD5284F4B61009F0A1C /* RegistrationView.swift */; };
		F8AEEBD9284F4EFB009F0A1C /* RoundedShape.swift in Sources */ = {isa = PBXBuildFile; fileRef = F8AEEBD8284F4EFB009F0A1C /* RoundedShape.swift */; };
		F8AEEBDB284F66DF009F0A1C /* CustomInputFieldView.swift in Sources */ = {isa = PBXBuildFile; fileRef = F8AEEBDA284F66DF009F0A1C /* CustomInputFieldView.swift */; };
		F8AEEBDD284F6DD0009F0A1C /* AuthHeaderView.swift in Sources */ = {isa = PBXBuildFile; fileRef = F8AEEBDC284F6DD0009F0A1C /* AuthHeaderView.swift */; };
		F8AEEBDF284F7163009F0A1C /* AuthButtonView.swift in Sources */ = {isa = PBXBuildFile; fileRef = F8AEEBDE284F7163009F0A1C /* AuthButtonView.swift */; };
		F8AEEBE2284FA800009F0A1C /* GoogleService-Info.plist in Resources */ = {isa = PBXBuildFile; fileRef = F8AEEBE1284FA800009F0A1C /* GoogleService-Info.plist */; };
		F8AEEBE5284FA9E8009F0A1C /* FirebaseAuth in Frameworks */ = {isa = PBXBuildFile; productRef = F8AEEBE4284FA9E8009F0A1C /* FirebaseAuth */; };
		F8AEEBE7284FA9E8009F0A1C /* FirebaseFirestore in Frameworks */ = {isa = PBXBuildFile; productRef = F8AEEBE6284FA9E8009F0A1C /* FirebaseFirestore */; };
		F8AEEBE9284FA9E8009F0A1C /* FirebaseFirestoreSwift in Frameworks */ = {isa = PBXBuildFile; productRef = F8AEEBE8284FA9E8009F0A1C /* FirebaseFirestoreSwift */; };
		F8AEEBEB284FA9E8009F0A1C /* FirebaseStorage in Frameworks */ = {isa = PBXBuildFile; productRef = F8AEEBEA284FA9E8009F0A1C /* FirebaseStorage */; };
/* End PBXBuildFile section */

/* Begin PBXFileReference section */
		F864627928490FD3007E4CFC /* TwitterDemo.app */ = {isa = PBXFileReference; explicitFileType = wrapper.application; includeInIndex = 0; path = TwitterDemo.app; sourceTree = BUILT_PRODUCTS_DIR; };
		F864627C28490FD3007E4CFC /* TwitterDemoApp.swift */ = {isa = PBXFileReference; lastKnownFileType = sourcecode.swift; path = TwitterDemoApp.swift; sourceTree = "<group>"; };
		F864628028490FD3007E4CFC /* Assets.xcassets */ = {isa = PBXFileReference; lastKnownFileType = folder.assetcatalog; path = Assets.xcassets; sourceTree = "<group>"; };
		F864628328490FD3007E4CFC /* Preview Assets.xcassets */ = {isa = PBXFileReference; lastKnownFileType = folder.assetcatalog; path = "Preview Assets.xcassets"; sourceTree = "<group>"; };
		F8646291284911D2007E4CFC /* FeedView.swift */ = {isa = PBXFileReference; lastKnownFileType = sourcecode.swift; path = FeedView.swift; sourceTree = "<group>"; };
		F864629428491290007E4CFC /* TweetRowView.swift */ = {isa = PBXFileReference; lastKnownFileType = sourcecode.swift; path = TweetRowView.swift; sourceTree = "<group>"; };
		F864629628491A11007E4CFC /* MainTabView.swift */ = {isa = PBXFileReference; lastKnownFileType = sourcecode.swift; path = MainTabView.swift; sourceTree = "<group>"; };
		F864629D28491C4E007E4CFC /* ExploreView.swift */ = {isa = PBXFileReference; lastKnownFileType = sourcecode.swift; path = ExploreView.swift; sourceTree = "<group>"; };
		F864629F28491C86007E4CFC /* NotificationsView.swift */ = {isa = PBXFileReference; lastKnownFileType = sourcecode.swift; path = NotificationsView.swift; sourceTree = "<group>"; };
		F86462A128491CD3007E4CFC /* MessagesView.swift */ = {isa = PBXFileReference; lastKnownFileType = sourcecode.swift; path = MessagesView.swift; sourceTree = "<group>"; };
		F86462A428491EE7007E4CFC /* ProfileView.swift */ = {isa = PBXFileReference; lastKnownFileType = sourcecode.swift; path = ProfileView.swift; sourceTree = "<group>"; };
		F86CE584284FB2DD0078B724 /* AuthVM.swift */ = {isa = PBXFileReference; lastKnownFileType = sourcecode.swift; path = AuthVM.swift; sourceTree = "<group>"; };
		F86CE587284FB5CE0078B724 /* MainInterfaceView.swift */ = {isa = PBXFileReference; lastKnownFileType = sourcecode.swift; path = MainInterfaceView.swift; sourceTree = "<group>"; };
		F88DE6BB2852074300A891EB /* PhotoSelectorView.swift */ = {isa = PBXFileReference; lastKnownFileType = sourcecode.swift; path = PhotoSelectorView.swift; sourceTree = "<group>"; };
		F8AEEBBA284CFD2C009F0A1C /* UserRowView.swift */ = {isa = PBXFileReference; lastKnownFileType = sourcecode.swift; path = UserRowView.swift; sourceTree = "<group>"; };
		F8AEEBBE284D2398009F0A1C /* TweetFilter.swift */ = {isa = PBXFileReference; lastKnownFileType = sourcecode.swift; path = TweetFilter.swift; sourceTree = "<group>"; };
		F8AEEBC0284D2410009F0A1C /* TwitterVM.swift */ = {isa = PBXFileReference; lastKnownFileType = sourcecode.swift; path = TwitterVM.swift; sourceTree = "<group>"; };
		F8AEEBC2284D2CE7009F0A1C /* SideMenuView.swift */ = {isa = PBXFileReference; lastKnownFileType = sourcecode.swift; path = SideMenuView.swift; sourceTree = "<group>"; };
		F8AEEBC4284D2D0B009F0A1C /* SideMenuRowView.swift */ = {isa = PBXFileReference; lastKnownFileType = sourcecode.swift; path = SideMenuRowView.swift; sourceTree = "<group>"; };
		F8AEEBC6284D2D50009F0A1C /* SideMenu.swift */ = {isa = PBXFileReference; lastKnownFileType = sourcecode.swift; path = SideMenu.swift; sourceTree = "<group>"; };
		F8AEEBC8284D2F6B009F0A1C /* UserStatsView.swift */ = {isa = PBXFileReference; lastKnownFileType = sourcecode.swift; path = UserStatsView.swift; sourceTree = "<group>"; };
		F8AEEBCA284E2920009F0A1C /* HomeView.swift */ = {isa = PBXFileReference; lastKnownFileType = sourcecode.swift; path = HomeView.swift; sourceTree = "<group>"; };
		F8AEEBCD284E2EBD009F0A1C /* SideMenuOptionRowView.swift */ = {isa = PBXFileReference; lastKnownFileType = sourcecode.swift; path = SideMenuOptionRowView.swift; sourceTree = "<group>"; };
		F8AEEBCF284E5C07009F0A1C /* NewTweetView.swift */ = {isa = PBXFileReference; lastKnownFileType = sourcecode.swift; path = NewTweetView.swift; sourceTree = "<group>"; };
		F8AEEBD1284E5D78009F0A1C /* TextAreaView.swift */ = {isa = PBXFileReference; lastKnownFileType = sourcecode.swift; path = TextAreaView.swift; sourceTree = "<group>"; };
		F8AEEBD3284F4B2F009F0A1C /* LoginView.swift */ = {isa = PBXFileReference; lastKnownFileType = sourcecode.swift; path = LoginView.swift; sourceTree = "<group>"; };
		F8AEEBD5284F4B61009F0A1C /* RegistrationView.swift */ = {isa = PBXFileReference; lastKnownFileType = sourcecode.swift; path = RegistrationView.swift; sourceTree = "<group>"; };
		F8AEEBD8284F4EFB009F0A1C /* RoundedShape.swift */ = {isa = PBXFileReference; lastKnownFileType = sourcecode.swift; path = RoundedShape.swift; sourceTree = "<group>"; };
		F8AEEBDA284F66DF009F0A1C /* CustomInputFieldView.swift */ = {isa = PBXFileReference; lastKnownFileType = sourcecode.swift; path = CustomInputFieldView.swift; sourceTree = "<group>"; };
		F8AEEBDC284F6DD0009F0A1C /* AuthHeaderView.swift */ = {isa = PBXFileReference; lastKnownFileType = sourcecode.swift; path = AuthHeaderView.swift; sourceTree = "<group>"; };
		F8AEEBDE284F7163009F0A1C /* AuthButtonView.swift */ = {isa = PBXFileReference; lastKnownFileType = sourcecode.swift; path = AuthButtonView.swift; sourceTree = "<group>"; };
		F8AEEBE1284FA800009F0A1C /* GoogleService-Info.plist */ = {isa = PBXFileReference; fileEncoding = 4; lastKnownFileType = text.plist.xml; path = "GoogleService-Info.plist"; sourceTree = "<group>"; };
/* End PBXFileReference section */

/* Begin PBXFrameworksBuildPhase section */
		F864627628490FD3007E4CFC /* Frameworks */ = {
			isa = PBXFrameworksBuildPhase;
			buildActionMask = 2147483647;
			files = (
				F8AEEBE5284FA9E8009F0A1C /* FirebaseAuth in Frameworks */,
				F8AEEBEB284FA9E8009F0A1C /* FirebaseStorage in Frameworks */,
				F8AEEBE7284FA9E8009F0A1C /* FirebaseFirestore in Frameworks */,
				F8AEEBE9284FA9E8009F0A1C /* FirebaseFirestoreSwift in Frameworks */,
			);
			runOnlyForDeploymentPostprocessing = 0;
		};
/* End PBXFrameworksBuildPhase section */

/* Begin PBXGroup section */
		F864627028490FD3007E4CFC = {
			isa = PBXGroup;
			children = (
				F864627B28490FD3007E4CFC /* TwitterDemo */,
				F864627A28490FD3007E4CFC /* Products */,
			);
			sourceTree = "<group>";
		};
		F864627A28490FD3007E4CFC /* Products */ = {
			isa = PBXGroup;
			children = (
				F864627928490FD3007E4CFC /* TwitterDemo.app */,
			);
			name = Products;
			sourceTree = "<group>";
		};
		F864627B28490FD3007E4CFC /* TwitterDemo */ = {
			isa = PBXGroup;
			children = (
				F864627C28490FD3007E4CFC /* TwitterDemoApp.swift */,
				F864628C28490FEC007E4CFC /* Views */,
				F864628B28490FE4007E4CFC /* ViewModels */,
				F864628A28490FDD007E4CFC /* Models */,
				F864628D28490FFB007E4CFC /* Extensions */,
				F8AEEBEC284FAF09009F0A1C /* Managers */,
				F864628E2849109E007E4CFC /* Service */,
				F864628028490FD3007E4CFC /* Assets.xcassets */,
				F8AEEBE1284FA800009F0A1C /* GoogleService-Info.plist */,
				F864628228490FD3007E4CFC /* Preview Content */,
			);
			path = TwitterDemo;
			sourceTree = "<group>";
		};
		F864628228490FD3007E4CFC /* Preview Content */ = {
			isa = PBXGroup;
			children = (
				F864628328490FD3007E4CFC /* Preview Assets.xcassets */,
			);
			path = "Preview Content";
			sourceTree = "<group>";
		};
		F864628A28490FDD007E4CFC /* Models */ = {
			isa = PBXGroup;
			children = (
				F8AEEBBE284D2398009F0A1C /* TweetFilter.swift */,
				F8AEEBC6284D2D50009F0A1C /* SideMenu.swift */,
			);
			path = Models;
			sourceTree = "<group>";
		};
		F864628B28490FE4007E4CFC /* ViewModels */ = {
			isa = PBXGroup;
			children = (
				F8AEEBC0284D2410009F0A1C /* TwitterVM.swift */,
				F86CE584284FB2DD0078B724 /* AuthVM.swift */,
			);
			path = ViewModels;
			sourceTree = "<group>";
		};
		F864628C28490FEC007E4CFC /* Views */ = {
			isa = PBXGroup;
			children = (
				F8AEEBCA284E2920009F0A1C /* HomeView.swift */,
				F8AEEBCC284E2944009F0A1C /* MainTabViews */,
				F86462A428491EE7007E4CFC /* ProfileView.swift */,
				F8AEEBC2284D2CE7009F0A1C /* SideMenuView.swift */,
				F8AEEBCF284E5C07009F0A1C /* NewTweetView.swift */,
				F8AEEBD3284F4B2F009F0A1C /* LoginView.swift */,
				F8AEEBD5284F4B61009F0A1C /* RegistrationView.swift */,
				F88DE6BB2852074300A891EB /* PhotoSelectorView.swift */,
				F864628F284910B7007E4CFC /* Components */,
				F8AEEBD7284F4EB1009F0A1C /* Shapes */,
			);
			path = Views;
			sourceTree = "<group>";
		};
		F864628D28490FFB007E4CFC /* Extensions */ = {
			isa = PBXGroup;
			children = (
			);
			path = Extensions;
			sourceTree = "<group>";
		};
		F864628E2849109E007E4CFC /* Service */ = {
			isa = PBXGroup;
			children = (
			);
			path = Service;
			sourceTree = "<group>";
		};
		F864628F284910B7007E4CFC /* Components */ = {
			isa = PBXGroup;
			children = (
				F86CE586284FB5A40078B724 /* HomeView */,
				F8AEEBE0284F7221009F0A1C /* Authentication */,
				F8AEEBBA284CFD2C009F0A1C /* UserRowView.swift */,
				F864629428491290007E4CFC /* TweetRowView.swift */,
				F8AEEBC4284D2D0B009F0A1C /* SideMenuRowView.swift */,
				F8AEEBC8284D2F6B009F0A1C /* UserStatsView.swift */,
				F8AEEBCD284E2EBD009F0A1C /* SideMenuOptionRowView.swift */,
				F8AEEBD1284E5D78009F0A1C /* TextAreaView.swift */,
			);
			path = Components;
			sourceTree = "<group>";
		};
		F86CE586284FB5A40078B724 /* HomeView */ = {
			isa = PBXGroup;
			children = (
				F86CE587284FB5CE0078B724 /* MainInterfaceView.swift */,
			);
			path = HomeView;
			sourceTree = "<group>";
		};
		F8AEEBCC284E2944009F0A1C /* MainTabViews */ = {
			isa = PBXGroup;
			children = (
				F864629628491A11007E4CFC /* MainTabView.swift */,
				F8646291284911D2007E4CFC /* FeedView.swift */,
				F864629D28491C4E007E4CFC /* ExploreView.swift */,
				F864629F28491C86007E4CFC /* NotificationsView.swift */,
				F86462A128491CD3007E4CFC /* MessagesView.swift */,
			);
			path = MainTabViews;
			sourceTree = "<group>";
		};
		F8AEEBD7284F4EB1009F0A1C /* Shapes */ = {
			isa = PBXGroup;
			children = (
				F8AEEBD8284F4EFB009F0A1C /* RoundedShape.swift */,
			);
			path = Shapes;
			sourceTree = "<group>";
		};
		F8AEEBE0284F7221009F0A1C /* Authentication */ = {
			isa = PBXGroup;
			children = (
				F8AEEBDE284F7163009F0A1C /* AuthButtonView.swift */,
				F8AEEBDC284F6DD0009F0A1C /* AuthHeaderView.swift */,
				F8AEEBDA284F66DF009F0A1C /* CustomInputFieldView.swift */,
			);
			path = Authentication;
			sourceTree = "<group>";
		};
		F8AEEBEC284FAF09009F0A1C /* Managers */ = {
			isa = PBXGroup;
			children = (
			);
			path = Managers;
			sourceTree = "<group>";
		};
/* End PBXGroup section */

/* Begin PBXNativeTarget section */
		F864627828490FD3007E4CFC /* TwitterDemo */ = {
			isa = PBXNativeTarget;
			buildConfigurationList = F864628728490FD3007E4CFC /* Build configuration list for PBXNativeTarget "TwitterDemo" */;
			buildPhases = (
				F864627528490FD3007E4CFC /* Sources */,
				F864627628490FD3007E4CFC /* Frameworks */,
				F864627728490FD3007E4CFC /* Resources */,
			);
			buildRules = (
			);
			dependencies = (
			);
			name = TwitterDemo;
			packageProductDependencies = (
				F8AEEBE4284FA9E8009F0A1C /* FirebaseAuth */,
				F8AEEBE6284FA9E8009F0A1C /* FirebaseFirestore */,
				F8AEEBE8284FA9E8009F0A1C /* FirebaseFirestoreSwift */,
				F8AEEBEA284FA9E8009F0A1C /* FirebaseStorage */,
			);
			productName = TwitterDemo;
			productReference = F864627928490FD3007E4CFC /* TwitterDemo.app */;
			productType = "com.apple.product-type.application";
		};
/* End PBXNativeTarget section */

/* Begin PBXProject section */
		F864627128490FD3007E4CFC /* Project object */ = {
			isa = PBXProject;
			attributes = {
				BuildIndependentTargetsInParallel = 1;
				LastSwiftUpdateCheck = 1340;
				LastUpgradeCheck = 1340;
				TargetAttributes = {
					F864627828490FD3007E4CFC = {
						CreatedOnToolsVersion = 13.4;
					};
				};
			};
			buildConfigurationList = F864627428490FD3007E4CFC /* Build configuration list for PBXProject "TwitterDemo" */;
			compatibilityVersion = "Xcode 13.0";
			developmentRegion = en;
			hasScannedForEncodings = 0;
			knownRegions = (
				en,
				Base,
			);
			mainGroup = F864627028490FD3007E4CFC;
			packageReferences = (
				F8AEEBE3284FA9E8009F0A1C /* XCRemoteSwiftPackageReference "firebase-ios-sdk" */,
			);
			productRefGroup = F864627A28490FD3007E4CFC /* Products */;
			projectDirPath = "";
			projectRoot = "";
			targets = (
				F864627828490FD3007E4CFC /* TwitterDemo */,
			);
		};
/* End PBXProject section */

/* Begin PBXResourcesBuildPhase section */
		F864627728490FD3007E4CFC /* Resources */ = {
			isa = PBXResourcesBuildPhase;
			buildActionMask = 2147483647;
			files = (
				F864628428490FD3007E4CFC /* Preview Assets.xcassets in Resources */,
				F864628128490FD3007E4CFC /* Assets.xcassets in Resources */,
				F8AEEBE2284FA800009F0A1C /* GoogleService-Info.plist in Resources */,
			);
			runOnlyForDeploymentPostprocessing = 0;
		};
/* End PBXResourcesBuildPhase section */

/* Begin PBXSourcesBuildPhase section */
		F864627528490FD3007E4CFC /* Sources */ = {
			isa = PBXSourcesBuildPhase;
			buildActionMask = 2147483647;
			files = (
				F86CE588284FB5CE0078B724 /* MainInterfaceView.swift in Sources */,
				F86462A528491EE7007E4CFC /* ProfileView.swift in Sources */,
				F864629528491290007E4CFC /* TweetRowView.swift in Sources */,
				F8646292284911D2007E4CFC /* FeedView.swift in Sources */,
				F8AEEBDB284F66DF009F0A1C /* CustomInputFieldView.swift in Sources */,
				F8AEEBD6284F4B61009F0A1C /* RegistrationView.swift in Sources */,
				F8AEEBC7284D2D50009F0A1C /* SideMenu.swift in Sources */,
				F8AEEBC5284D2D0B009F0A1C /* SideMenuRowView.swift in Sources */,
				F8AEEBDD284F6DD0009F0A1C /* AuthHeaderView.swift in Sources */,
				F864627D28490FD3007E4CFC /* TwitterDemoApp.swift in Sources */,
				F864629728491A11007E4CFC /* MainTabView.swift in Sources */,
				F8AEEBDF284F7163009F0A1C /* AuthButtonView.swift in Sources */,
				F8AEEBBB284CFD2C009F0A1C /* UserRowView.swift in Sources */,
				F8AEEBD9284F4EFB009F0A1C /* RoundedShape.swift in Sources */,
				F8AEEBC3284D2CE7009F0A1C /* SideMenuView.swift in Sources */,
				F86462A228491CD3007E4CFC /* MessagesView.swift in Sources */,
				F8AEEBCE284E2EBD009F0A1C /* SideMenuOptionRowView.swift in Sources */,
				F8AEEBC1284D2410009F0A1C /* TwitterVM.swift in Sources */,
				F864629E28491C4E007E4CFC /* ExploreView.swift in Sources */,
				F8AEEBD0284E5C07009F0A1C /* NewTweetView.swift in Sources */,
				F86462A028491C86007E4CFC /* NotificationsView.swift in Sources */,
				F8AEEBD2284E5D78009F0A1C /* TextAreaView.swift in Sources */,
				F8AEEBCB284E2920009F0A1C /* HomeView.swift in Sources */,
				F8AEEBBF284D2398009F0A1C /* TweetFilter.swift in Sources */,
				F88DE6BC2852074300A891EB /* PhotoSelectorView.swift in Sources */,
				F8AEEBD4284F4B2F009F0A1C /* LoginView.swift in Sources */,
				F86CE585284FB2DD0078B724 /* AuthVM.swift in Sources */,
				F8AEEBC9284D2F6B009F0A1C /* UserStatsView.swift in Sources */,
			);
			runOnlyForDeploymentPostprocessing = 0;
		};
/* End PBXSourcesBuildPhase section */

/* Begin XCBuildConfiguration section */
		F864628528490FD3007E4CFC /* Debug */ = {
			isa = XCBuildConfiguration;
			buildSettings = {
				ALWAYS_SEARCH_USER_PATHS = NO;
				CLANG_ANALYZER_NONNULL = YES;
				CLANG_ANALYZER_NUMBER_OBJECT_CONVERSION = YES_AGGRESSIVE;
				CLANG_CXX_LANGUAGE_STANDARD = "gnu++17";
				CLANG_ENABLE_MODULES = YES;
				CLANG_ENABLE_OBJC_ARC = YES;
				CLANG_ENABLE_OBJC_WEAK = YES;
				CLANG_WARN_BLOCK_CAPTURE_AUTORELEASING = YES;
				CLANG_WARN_BOOL_CONVERSION = YES;
				CLANG_WARN_COMMA = YES;
				CLANG_WARN_CONSTANT_CONVERSION = YES;
				CLANG_WARN_DEPRECATED_OBJC_IMPLEMENTATIONS = YES;
				CLANG_WARN_DIRECT_OBJC_ISA_USAGE = YES_ERROR;
				CLANG_WARN_DOCUMENTATION_COMMENTS = YES;
				CLANG_WARN_EMPTY_BODY = YES;
				CLANG_WARN_ENUM_CONVERSION = YES;
				CLANG_WARN_INFINITE_RECURSION = YES;
				CLANG_WARN_INT_CONVERSION = YES;
				CLANG_WARN_NON_LITERAL_NULL_CONVERSION = YES;
				CLANG_WARN_OBJC_IMPLICIT_RETAIN_SELF = YES;
				CLANG_WARN_OBJC_LITERAL_CONVERSION = YES;
				CLANG_WARN_OBJC_ROOT_CLASS = YES_ERROR;
				CLANG_WARN_QUOTED_INCLUDE_IN_FRAMEWORK_HEADER = YES;
				CLANG_WARN_RANGE_LOOP_ANALYSIS = YES;
				CLANG_WARN_STRICT_PROTOTYPES = YES;
				CLANG_WARN_SUSPICIOUS_MOVE = YES;
				CLANG_WARN_UNGUARDED_AVAILABILITY = YES_AGGRESSIVE;
				CLANG_WARN_UNREACHABLE_CODE = YES;
				CLANG_WARN__DUPLICATE_METHOD_MATCH = YES;
				COPY_PHASE_STRIP = NO;
				DEBUG_INFORMATION_FORMAT = dwarf;
				ENABLE_STRICT_OBJC_MSGSEND = YES;
				ENABLE_TESTABILITY = YES;
				GCC_C_LANGUAGE_STANDARD = gnu11;
				GCC_DYNAMIC_NO_PIC = NO;
				GCC_NO_COMMON_BLOCKS = YES;
				GCC_OPTIMIZATION_LEVEL = 0;
				GCC_PREPROCESSOR_DEFINITIONS = (
					"DEBUG=1",
					"$(inherited)",
				);
				GCC_WARN_64_TO_32_BIT_CONVERSION = YES;
				GCC_WARN_ABOUT_RETURN_TYPE = YES_ERROR;
				GCC_WARN_UNDECLARED_SELECTOR = YES;
				GCC_WARN_UNINITIALIZED_AUTOS = YES_AGGRESSIVE;
				GCC_WARN_UNUSED_FUNCTION = YES;
				GCC_WARN_UNUSED_VARIABLE = YES;
				IPHONEOS_DEPLOYMENT_TARGET = 15.5;
				MTL_ENABLE_DEBUG_INFO = INCLUDE_SOURCE;
				MTL_FAST_MATH = YES;
				ONLY_ACTIVE_ARCH = YES;
				SDKROOT = iphoneos;
				SWIFT_ACTIVE_COMPILATION_CONDITIONS = DEBUG;
				SWIFT_OPTIMIZATION_LEVEL = "-Onone";
			};
			name = Debug;
		};
		F864628628490FD3007E4CFC /* Release */ = {
			isa = XCBuildConfiguration;
			buildSettings = {
				ALWAYS_SEARCH_USER_PATHS = NO;
				CLANG_ANALYZER_NONNULL = YES;
				CLANG_ANALYZER_NUMBER_OBJECT_CONVERSION = YES_AGGRESSIVE;
				CLANG_CXX_LANGUAGE_STANDARD = "gnu++17";
				CLANG_ENABLE_MODULES = YES;
				CLANG_ENABLE_OBJC_ARC = YES;
				CLANG_ENABLE_OBJC_WEAK = YES;
				CLANG_WARN_BLOCK_CAPTURE_AUTORELEASING = YES;
				CLANG_WARN_BOOL_CONVERSION = YES;
				CLANG_WARN_COMMA = YES;
				CLANG_WARN_CONSTANT_CONVERSION = YES;
				CLANG_WARN_DEPRECATED_OBJC_IMPLEMENTATIONS = YES;
				CLANG_WARN_DIRECT_OBJC_ISA_USAGE = YES_ERROR;
				CLANG_WARN_DOCUMENTATION_COMMENTS = YES;
				CLANG_WARN_EMPTY_BODY = YES;
				CLANG_WARN_ENUM_CONVERSION = YES;
				CLANG_WARN_INFINITE_RECURSION = YES;
				CLANG_WARN_INT_CONVERSION = YES;
				CLANG_WARN_NON_LITERAL_NULL_CONVERSION = YES;
				CLANG_WARN_OBJC_IMPLICIT_RETAIN_SELF = YES;
				CLANG_WARN_OBJC_LITERAL_CONVERSION = YES;
				CLANG_WARN_OBJC_ROOT_CLASS = YES_ERROR;
				CLANG_WARN_QUOTED_INCLUDE_IN_FRAMEWORK_HEADER = YES;
				CLANG_WARN_RANGE_LOOP_ANALYSIS = YES;
				CLANG_WARN_STRICT_PROTOTYPES = YES;
				CLANG_WARN_SUSPICIOUS_MOVE = YES;
				CLANG_WARN_UNGUARDED_AVAILABILITY = YES_AGGRESSIVE;
				CLANG_WARN_UNREACHABLE_CODE = YES;
				CLANG_WARN__DUPLICATE_METHOD_MATCH = YES;
				COPY_PHASE_STRIP = NO;
				DEBUG_INFORMATION_FORMAT = "dwarf-with-dsym";
				ENABLE_NS_ASSERTIONS = NO;
				ENABLE_STRICT_OBJC_MSGSEND = YES;
				GCC_C_LANGUAGE_STANDARD = gnu11;
				GCC_NO_COMMON_BLOCKS = YES;
				GCC_WARN_64_TO_32_BIT_CONVERSION = YES;
				GCC_WARN_ABOUT_RETURN_TYPE = YES_ERROR;
				GCC_WARN_UNDECLARED_SELECTOR = YES;
				GCC_WARN_UNINITIALIZED_AUTOS = YES_AGGRESSIVE;
				GCC_WARN_UNUSED_FUNCTION = YES;
				GCC_WARN_UNUSED_VARIABLE = YES;
				IPHONEOS_DEPLOYMENT_TARGET = 15.5;
				MTL_ENABLE_DEBUG_INFO = NO;
				MTL_FAST_MATH = YES;
				SDKROOT = iphoneos;
				SWIFT_COMPILATION_MODE = wholemodule;
				SWIFT_OPTIMIZATION_LEVEL = "-O";
				VALIDATE_PRODUCT = YES;
			};
			name = Release;
		};
		F864628828490FD3007E4CFC /* Debug */ = {
			isa = XCBuildConfiguration;
			buildSettings = {
				ASSETCATALOG_COMPILER_APPICON_NAME = AppIcon;
				ASSETCATALOG_COMPILER_GLOBAL_ACCENT_COLOR_NAME = AccentColor;
				CODE_SIGN_STYLE = Automatic;
				CURRENT_PROJECT_VERSION = 1;
				DEVELOPMENT_ASSET_PATHS = "\"TwitterDemo/Preview Content\"";
				DEVELOPMENT_TEAM = H5J3S6F67R;
				ENABLE_PREVIEWS = YES;
				GENERATE_INFOPLIST_FILE = YES;
				INFOPLIST_KEY_UIApplicationSceneManifest_Generation = YES;
				INFOPLIST_KEY_UIApplicationSupportsIndirectInputEvents = YES;
				INFOPLIST_KEY_UILaunchScreen_Generation = YES;
				INFOPLIST_KEY_UISupportedInterfaceOrientations_iPad = "UIInterfaceOrientationPortrait UIInterfaceOrientationPortraitUpsideDown UIInterfaceOrientationLandscapeLeft UIInterfaceOrientationLandscapeRight";
				INFOPLIST_KEY_UISupportedInterfaceOrientations_iPhone = "UIInterfaceOrientationPortrait UIInterfaceOrientationLandscapeLeft UIInterfaceOrientationLandscapeRight";
				LD_RUNPATH_SEARCH_PATHS = (
					"$(inherited)",
					"@executable_path/Frameworks",
				);
				MARKETING_VERSION = 1.0;
				PRODUCT_BUNDLE_IDENTIFIER = com.pal.artem.TwitterDemo;
				PRODUCT_NAME = "$(TARGET_NAME)";
				SWIFT_EMIT_LOC_STRINGS = YES;
				SWIFT_VERSION = 5.0;
				TARGETED_DEVICE_FAMILY = "1,2";
			};
			name = Debug;
		};
		F864628928490FD3007E4CFC /* Release */ = {
			isa = XCBuildConfiguration;
			buildSettings = {
				ASSETCATALOG_COMPILER_APPICON_NAME = AppIcon;
				ASSETCATALOG_COMPILER_GLOBAL_ACCENT_COLOR_NAME = AccentColor;
				CODE_SIGN_STYLE = Automatic;
				CURRENT_PROJECT_VERSION = 1;
				DEVELOPMENT_ASSET_PATHS = "\"TwitterDemo/Preview Content\"";
				DEVELOPMENT_TEAM = H5J3S6F67R;
				ENABLE_PREVIEWS = YES;
				GENERATE_INFOPLIST_FILE = YES;
				INFOPLIST_KEY_UIApplicationSceneManifest_Generation = YES;
				INFOPLIST_KEY_UIApplicationSupportsIndirectInputEvents = YES;
				INFOPLIST_KEY_UILaunchScreen_Generation = YES;
				INFOPLIST_KEY_UISupportedInterfaceOrientations_iPad = "UIInterfaceOrientationPortrait UIInterfaceOrientationPortraitUpsideDown UIInterfaceOrientationLandscapeLeft UIInterfaceOrientationLandscapeRight";
				INFOPLIST_KEY_UISupportedInterfaceOrientations_iPhone = "UIInterfaceOrientationPortrait UIInterfaceOrientationLandscapeLeft UIInterfaceOrientationLandscapeRight";
				LD_RUNPATH_SEARCH_PATHS = (
					"$(inherited)",
					"@executable_path/Frameworks",
				);
				MARKETING_VERSION = 1.0;
				PRODUCT_BUNDLE_IDENTIFIER = com.pal.artem.TwitterDemo;
				PRODUCT_NAME = "$(TARGET_NAME)";
				SWIFT_EMIT_LOC_STRINGS = YES;
				SWIFT_VERSION = 5.0;
				TARGETED_DEVICE_FAMILY = "1,2";
			};
			name = Release;
		};
/* End XCBuildConfiguration section */

/* Begin XCConfigurationList section */
		F864627428490FD3007E4CFC /* Build configuration list for PBXProject "TwitterDemo" */ = {
			isa = XCConfigurationList;
			buildConfigurations = (
				F864628528490FD3007E4CFC /* Debug */,
				F864628628490FD3007E4CFC /* Release */,
			);
			defaultConfigurationIsVisible = 0;
			defaultConfigurationName = Release;
		};
		F864628728490FD3007E4CFC /* Build configuration list for PBXNativeTarget "TwitterDemo" */ = {
			isa = XCConfigurationList;
			buildConfigurations = (
				F864628828490FD3007E4CFC /* Debug */,
				F864628928490FD3007E4CFC /* Release */,
			);
			defaultConfigurationIsVisible = 0;
			defaultConfigurationName = Release;
		};
/* End XCConfigurationList section */

/* Begin XCRemoteSwiftPackageReference section */
		F8AEEBE3284FA9E8009F0A1C /* XCRemoteSwiftPackageReference "firebase-ios-sdk" */ = {
			isa = XCRemoteSwiftPackageReference;
			repositoryURL = "https://github.com/firebase/firebase-ios-sdk";
			requirement = {
				branch = master;
				kind = branch;
			};
		};
/* End XCRemoteSwiftPackageReference section */

/* Begin XCSwiftPackageProductDependency section */
		F8AEEBE4284FA9E8009F0A1C /* FirebaseAuth */ = {
			isa = XCSwiftPackageProductDependency;
			package = F8AEEBE3284FA9E8009F0A1C /* XCRemoteSwiftPackageReference "firebase-ios-sdk" */;
			productName = FirebaseAuth;
		};
		F8AEEBE6284FA9E8009F0A1C /* FirebaseFirestore */ = {
			isa = XCSwiftPackageProductDependency;
			package = F8AEEBE3284FA9E8009F0A1C /* XCRemoteSwiftPackageReference "firebase-ios-sdk" */;
			productName = FirebaseFirestore;
		};
		F8AEEBE8284FA9E8009F0A1C /* FirebaseFirestoreSwift */ = {
			isa = XCSwiftPackageProductDependency;
			package = F8AEEBE3284FA9E8009F0A1C /* XCRemoteSwiftPackageReference "firebase-ios-sdk" */;
			productName = FirebaseFirestoreSwift;
		};
		F8AEEBEA284FA9E8009F0A1C /* FirebaseStorage */ = {
			isa = XCSwiftPackageProductDependency;
			package = F8AEEBE3284FA9E8009F0A1C /* XCRemoteSwiftPackageReference "firebase-ios-sdk" */;
			productName = FirebaseStorage;
		};
/* End XCSwiftPackageProductDependency section */
	};
	rootObject = F864627128490FD3007E4CFC /* Project object */;
}
